// !$*UTF8*$!
{
	archiveVersion = 1;
	classes = {
	};
	objectVersion = 50;
	objects = {

/* Begin PBXBuildFile section */
		1289311023B04FEA006F7229 /* AppDelegate.swift in Sources */ = {isa = PBXBuildFile; fileRef = 1289310F23B04FEA006F7229 /* AppDelegate.swift */; };
		1289311223B04FEA006F7229 /* SceneDelegate.swift in Sources */ = {isa = PBXBuildFile; fileRef = 1289311123B04FEA006F7229 /* SceneDelegate.swift */; };
		1289311423B04FEA006F7229 /* ViewController.swift in Sources */ = {isa = PBXBuildFile; fileRef = 1289311323B04FEA006F7229 /* ViewController.swift */; };
		1289311723B04FEA006F7229 /* Main.storyboard in Resources */ = {isa = PBXBuildFile; fileRef = 1289311523B04FEA006F7229 /* Main.storyboard */; };
		1289311923B04FEB006F7229 /* Assets.xcassets in Resources */ = {isa = PBXBuildFile; fileRef = 1289311823B04FEB006F7229 /* Assets.xcassets */; };
		1289311C23B04FEB006F7229 /* LaunchScreen.storyboard in Resources */ = {isa = PBXBuildFile; fileRef = 1289311A23B04FEB006F7229 /* LaunchScreen.storyboard */; };
		1289312723B04FEC006F7229 /* TipCalcTests.swift in Sources */ = {isa = PBXBuildFile; fileRef = 1289312623B04FEC006F7229 /* TipCalcTests.swift */; };
		1289313223B04FEC006F7229 /* TipCalcUITests.swift in Sources */ = {isa = PBXBuildFile; fileRef = 1289313123B04FEC006F7229 /* TipCalcUITests.swift */; };
/* End PBXBuildFile section */

/* Begin PBXContainerItemProxy section */
		1289312323B04FEC006F7229 /* PBXContainerItemProxy */ = {
			isa = PBXContainerItemProxy;
			containerPortal = 1289310423B04FEA006F7229 /* Project object */;
			proxyType = 1;
			remoteGlobalIDString = 1289310B23B04FEA006F7229;
			remoteInfo = TipCalc;
		};
		1289312E23B04FEC006F7229 /* PBXContainerItemProxy */ = {
			isa = PBXContainerItemProxy;
			containerPortal = 1289310423B04FEA006F7229 /* Project object */;
			proxyType = 1;
			remoteGlobalIDString = 1289310B23B04FEA006F7229;
			remoteInfo = TipCalc;
		};
/* End PBXContainerItemProxy section */

/* Begin PBXFileReference section */
		1289310C23B04FEA006F7229 /* TipCalc.app */ = {isa = PBXFileReference; explicitFileType = wrapper.application; includeInIndex = 0; path = TipCalc.app; sourceTree = BUILT_PRODUCTS_DIR; };
		1289310F23B04FEA006F7229 /* AppDelegate.swift */ = {isa = PBXFileReference; lastKnownFileType = sourcecode.swift; path = AppDelegate.swift; sourceTree = "<group>"; };
		1289311123B04FEA006F7229 /* SceneDelegate.swift */ = {isa = PBXFileReference; lastKnownFileType = sourcecode.swift; path = SceneDelegate.swift; sourceTree = "<group>"; };
		1289311323B04FEA006F7229 /* ViewController.swift */ = {isa = PBXFileReference; lastKnownFileType = sourcecode.swift; path = ViewController.swift; sourceTree = "<group>"; };
		1289311623B04FEA006F7229 /* Base */ = {isa = PBXFileReference; lastKnownFileType = file.storyboard; name = Base; path = Base.lproj/Main.storyboard; sourceTree = "<group>"; };
		1289311823B04FEB006F7229 /* Assets.xcassets */ = {isa = PBXFileReference; lastKnownFileType = folder.assetcatalog; path = Assets.xcassets; sourceTree = "<group>"; };
		1289311B23B04FEB006F7229 /* Base */ = {isa = PBXFileReference; lastKnownFileType = file.storyboard; name = Base; path = Base.lproj/LaunchScreen.storyboard; sourceTree = "<group>"; };
		1289311D23B04FEB006F7229 /* Info.plist */ = {isa = PBXFileReference; lastKnownFileType = text.plist.xml; path = Info.plist; sourceTree = "<group>"; };
		1289312223B04FEC006F7229 /* TipCalcTests.xctest */ = {isa = PBXFileReference; explicitFileType = wrapper.cfbundle; includeInIndex = 0; path = TipCalcTests.xctest; sourceTree = BUILT_PRODUCTS_DIR; };
		1289312623B04FEC006F7229 /* TipCalcTests.swift */ = {isa = PBXFileReference; lastKnownFileType = sourcecode.swift; path = TipCalcTests.swift; sourceTree = "<group>"; };
		1289312823B04FEC006F7229 /* Info.plist */ = {isa = PBXFileReference; lastKnownFileType = text.plist.xml; path = Info.plist; sourceTree = "<group>"; };
		1289312D23B04FEC006F7229 /* TipCalcUITests.xctest */ = {isa = PBXFileReference; explicitFileType = wrapper.cfbundle; includeInIndex = 0; path = TipCalcUITests.xctest; sourceTree = BUILT_PRODUCTS_DIR; };
		1289313123B04FEC006F7229 /* TipCalcUITests.swift */ = {isa = PBXFileReference; lastKnownFileType = sourcecode.swift; path = TipCalcUITests.swift; sourceTree = "<group>"; };
		1289313323B04FEC006F7229 /* Info.plist */ = {isa = PBXFileReference; lastKnownFileType = text.plist.xml; path = Info.plist; sourceTree = "<group>"; };
/* End PBXFileReference section */

/* Begin PBXFrameworksBuildPhase section */
		1289310923B04FEA006F7229 /* Frameworks */ = {
			isa = PBXFrameworksBuildPhase;
			buildActionMask = 2147483647;
			files = (
			);
			runOnlyForDeploymentPostprocessing = 0;
		};
		1289311F23B04FEC006F7229 /* Frameworks */ = {
			isa = PBXFrameworksBuildPhase;
			buildActionMask = 2147483647;
			files = (
			);
			runOnlyForDeploymentPostprocessing = 0;
		};
		1289312A23B04FEC006F7229 /* Frameworks */ = {
			isa = PBXFrameworksBuildPhase;
			buildActionMask = 2147483647;
			files = (
			);
			runOnlyForDeploymentPostprocessing = 0;
		};
/* End PBXFrameworksBuildPhase section */

/* Begin PBXGroup section */
		1289310323B04FEA006F7229 = {
			isa = PBXGroup;
			children = (
				1289310E23B04FEA006F7229 /* TipCalc */,
				1289312523B04FEC006F7229 /* TipCalcTests */,
				1289313023B04FEC006F7229 /* TipCalcUITests */,
				1289310D23B04FEA006F7229 /* Products */,
			);
			sourceTree = "<group>";
		};
		1289310D23B04FEA006F7229 /* Products */ = {
			isa = PBXGroup;
			children = (
				1289310C23B04FEA006F7229 /* TipCalc.app */,
				1289312223B04FEC006F7229 /* TipCalcTests.xctest */,
				1289312D23B04FEC006F7229 /* TipCalcUITests.xctest */,
			);
			name = Products;
			sourceTree = "<group>";
		};
		1289310E23B04FEA006F7229 /* TipCalc */ = {
			isa = PBXGroup;
			children = (
				1289310F23B04FEA006F7229 /* AppDelegate.swift */,
				1289311123B04FEA006F7229 /* SceneDelegate.swift */,
				1289311323B04FEA006F7229 /* ViewController.swift */,
				1289311523B04FEA006F7229 /* Main.storyboard */,
				1289311823B04FEB006F7229 /* Assets.xcassets */,
				1289311A23B04FEB006F7229 /* LaunchScreen.storyboard */,
				1289311D23B04FEB006F7229 /* Info.plist */,
			);
			path = TipCalc;
			sourceTree = "<group>";
		};
		1289312523B04FEC006F7229 /* TipCalcTests */ = {
			isa = PBXGroup;
			children = (
				1289312623B04FEC006F7229 /* TipCalcTests.swift */,
				1289312823B04FEC006F7229 /* Info.plist */,
			);
			path = TipCalcTests;
			sourceTree = "<group>";
		};
		1289313023B04FEC006F7229 /* TipCalcUITests */ = {
			isa = PBXGroup;
			children = (
				1289313123B04FEC006F7229 /* TipCalcUITests.swift */,
				1289313323B04FEC006F7229 /* Info.plist */,
			);
			path = TipCalcUITests;
			sourceTree = "<group>";
		};
/* End PBXGroup section */

/* Begin PBXNativeTarget section */
		1289310B23B04FEA006F7229 /* TipCalc */ = {
			isa = PBXNativeTarget;
			buildConfigurationList = 1289313623B04FEC006F7229 /* Build configuration list for PBXNativeTarget "TipCalc" */;
			buildPhases = (
				1289310823B04FEA006F7229 /* Sources */,
				1289310923B04FEA006F7229 /* Frameworks */,
				1289310A23B04FEA006F7229 /* Resources */,
			);
			buildRules = (
			);
			dependencies = (
			);
			name = TipCalc;
			productName = TipCalc;
			productReference = 1289310C23B04FEA006F7229 /* TipCalc.app */;
			productType = "com.apple.product-type.application";
		};
		1289312123B04FEC006F7229 /* TipCalcTests */ = {
			isa = PBXNativeTarget;
			buildConfigurationList = 1289313923B04FEC006F7229 /* Build configuration list for PBXNativeTarget "TipCalcTests" */;
			buildPhases = (
				1289311E23B04FEC006F7229 /* Sources */,
				1289311F23B04FEC006F7229 /* Frameworks */,
				1289312023B04FEC006F7229 /* Resources */,
			);
			buildRules = (
			);
			dependencies = (
				1289312423B04FEC006F7229 /* PBXTargetDependency */,
			);
			name = TipCalcTests;
			productName = TipCalcTests;
			productReference = 1289312223B04FEC006F7229 /* TipCalcTests.xctest */;
			productType = "com.apple.product-type.bundle.unit-test";
		};
		1289312C23B04FEC006F7229 /* TipCalcUITests */ = {
			isa = PBXNativeTarget;
			buildConfigurationList = 1289313C23B04FEC006F7229 /* Build configuration list for PBXNativeTarget "TipCalcUITests" */;
			buildPhases = (
				1289312923B04FEC006F7229 /* Sources */,
				1289312A23B04FEC006F7229 /* Frameworks */,
				1289312B23B04FEC006F7229 /* Resources */,
			);
			buildRules = (
			);
			dependencies = (
				1289312F23B04FEC006F7229 /* PBXTargetDependency */,
			);
			name = TipCalcUITests;
			productName = TipCalcUITests;
			productReference = 1289312D23B04FEC006F7229 /* TipCalcUITests.xctest */;
			productType = "com.apple.product-type.bundle.ui-testing";
		};
/* End PBXNativeTarget section */

/* Begin PBXProject section */
		1289310423B04FEA006F7229 /* Project object */ = {
			isa = PBXProject;
			attributes = {
				LastSwiftUpdateCheck = 1130;
				LastUpgradeCheck = 1130;
				ORGANIZATIONNAME = codepath;
				TargetAttributes = {
					1289310B23B04FEA006F7229 = {
						CreatedOnToolsVersion = 11.3;
					};
					1289312123B04FEC006F7229 = {
						CreatedOnToolsVersion = 11.3;
						TestTargetID = 1289310B23B04FEA006F7229;
					};
					1289312C23B04FEC006F7229 = {
						CreatedOnToolsVersion = 11.3;
						TestTargetID = 1289310B23B04FEA006F7229;
					};
				};
			};
			buildConfigurationList = 1289310723B04FEA006F7229 /* Build configuration list for PBXProject "TipCalc" */;
			compatibilityVersion = "Xcode 9.3";
			developmentRegion = en;
			hasScannedForEncodings = 0;
			knownRegions = (
				en,
				Base,
			);
			mainGroup = 1289310323B04FEA006F7229;
			productRefGroup = 1289310D23B04FEA006F7229 /* Products */;
			projectDirPath = "";
			projectRoot = "";
			targets = (
				1289310B23B04FEA006F7229 /* TipCalc */,
				1289312123B04FEC006F7229 /* TipCalcTests */,
				1289312C23B04FEC006F7229 /* TipCalcUITests */,
			);
		};
/* End PBXProject section */

/* Begin PBXResourcesBuildPhase section */
		1289310A23B04FEA006F7229 /* Resources */ = {
			isa = PBXResourcesBuildPhase;
			buildActionMask = 2147483647;
			files = (
				1289311C23B04FEB006F7229 /* LaunchScreen.storyboard in Resources */,
				1289311923B04FEB006F7229 /* Assets.xcassets in Resources */,
				1289311723B04FEA006F7229 /* Main.storyboard in Resources */,
			);
			runOnlyForDeploymentPostprocessing = 0;
		};
		1289312023B04FEC006F7229 /* Resources */ = {
			isa = PBXResourcesBuildPhase;
			buildActionMask = 2147483647;
			files = (
			);
			runOnlyForDeploymentPostprocessing = 0;
		};
		1289312B23B04FEC006F7229 /* Resources */ = {
			isa = PBXResourcesBuildPhase;
			buildActionMask = 2147483647;
			files = (
			);
			runOnlyForDeploymentPostprocessing = 0;
		};
/* End PBXResourcesBuildPhase section */

/* Begin PBXSourcesBuildPhase section */
		1289310823B04FEA006F7229 /* Sources */ = {
			isa = PBXSourcesBuildPhase;
			buildActionMask = 2147483647;
			files = (
				1289311423B04FEA006F7229 /* ViewController.swift in Sources */,
				1289311023B04FEA006F7229 /* AppDelegate.swift in Sources */,
				1289311223B04FEA006F7229 /* SceneDelegate.swift in Sources */,
			);
			runOnlyForDeploymentPostprocessing = 0;
		};
		1289311E23B04FEC006F7229 /* Sources */ = {
			isa = PBXSourcesBuildPhase;
			buildActionMask = 2147483647;
			files = (
				1289312723B04FEC006F7229 /* TipCalcTests.swift in Sources */,
			);
			runOnlyForDeploymentPostprocessing = 0;
		};
		1289312923B04FEC006F7229 /* Sources */ = {
			isa = PBXSourcesBuildPhase;
			buildActionMask = 2147483647;
			files = (
				1289313223B04FEC006F7229 /* TipCalcUITests.swift in Sources */,
			);
			runOnlyForDeploymentPostprocessing = 0;
		};
/* End PBXSourcesBuildPhase section */

/* Begin PBXTargetDependency section */
		1289312423B04FEC006F7229 /* PBXTargetDependency */ = {
			isa = PBXTargetDependency;
			target = 1289310B23B04FEA006F7229 /* TipCalc */;
			targetProxy = 1289312323B04FEC006F7229 /* PBXContainerItemProxy */;
		};
		1289312F23B04FEC006F7229 /* PBXTargetDependency */ = {
			isa = PBXTargetDependency;
			target = 1289310B23B04FEA006F7229 /* TipCalc */;
			targetProxy = 1289312E23B04FEC006F7229 /* PBXContainerItemProxy */;
		};
/* End PBXTargetDependency section */

/* Begin PBXVariantGroup section */
		1289311523B04FEA006F7229 /* Main.storyboard */ = {
			isa = PBXVariantGroup;
			children = (
				1289311623B04FEA006F7229 /* Base */,
			);
			name = Main.storyboard;
			sourceTree = "<group>";
		};
		1289311A23B04FEB006F7229 /* LaunchScreen.storyboard */ = {
			isa = PBXVariantGroup;
			children = (
				1289311B23B04FEB006F7229 /* Base */,
			);
			name = LaunchScreen.storyboard;
			sourceTree = "<group>";
		};
/* End PBXVariantGroup section */

/* Begin XCBuildConfiguration section */
		1289313423B04FEC006F7229 /* Debug */ = {
			isa = XCBuildConfiguration;
			buildSettings = {
				ALWAYS_SEARCH_USER_PATHS = NO;
				CLANG_ANALYZER_NONNULL = YES;
				CLANG_ANALYZER_NUMBER_OBJECT_CONVERSION = YES_AGGRESSIVE;
				CLANG_CXX_LANGUAGE_STANDARD = "gnu++14";
				CLANG_CXX_LIBRARY = "libc++";
				CLANG_ENABLE_MODULES = YES;
				CLANG_ENABLE_OBJC_ARC = YES;
				CLANG_ENABLE_OBJC_WEAK = YES;
				CLANG_WARN_BLOCK_CAPTURE_AUTORELEASING = YES;
				CLANG_WARN_BOOL_CONVERSION = YES;
				CLANG_WARN_COMMA = YES;
				CLANG_WARN_CONSTANT_CONVERSION = YES;
				CLANG_WARN_DEPRECATED_OBJC_IMPLEMENTATIONS = YES;
				CLANG_WARN_DIRECT_OBJC_ISA_USAGE = YES_ERROR;
				CLANG_WARN_DOCUMENTATION_COMMENTS = YES;
				CLANG_WARN_EMPTY_BODY = YES;
				CLANG_WARN_ENUM_CONVERSION = YES;
				CLANG_WARN_INFINITE_RECURSION = YES;
				CLANG_WARN_INT_CONVERSION = YES;
				CLANG_WARN_NON_LITERAL_NULL_CONVERSION = YES;
				CLANG_WARN_OBJC_IMPLICIT_RETAIN_SELF = YES;
				CLANG_WARN_OBJC_LITERAL_CONVERSION = YES;
				CLANG_WARN_OBJC_ROOT_CLASS = YES_ERROR;
				CLANG_WARN_RANGE_LOOP_ANALYSIS = YES;
				CLANG_WARN_STRICT_PROTOTYPES = YES;
				CLANG_WARN_SUSPICIOUS_MOVE = YES;
				CLANG_WARN_UNGUARDED_AVAILABILITY = YES_AGGRESSIVE;
				CLANG_WARN_UNREACHABLE_CODE = YES;
				CLANG_WARN__DUPLICATE_METHOD_MATCH = YES;
				COPY_PHASE_STRIP = NO;
				DEBUG_INFORMATION_FORMAT = dwarf;
				ENABLE_STRICT_OBJC_MSGSEND = YES;
				ENABLE_TESTABILITY = YES;
				GCC_C_LANGUAGE_STANDARD = gnu11;
				GCC_DYNAMIC_NO_PIC = NO;
				GCC_NO_COMMON_BLOCKS = YES;
				GCC_OPTIMIZATION_LEVEL = 0;
				GCC_PREPROCESSOR_DEFINITIONS = (
					"DEBUG=1",
					"$(inherited)",
				);
				GCC_WARN_64_TO_32_BIT_CONVERSION = YES;
				GCC_WARN_ABOUT_RETURN_TYPE = YES_ERROR;
				GCC_WARN_UNDECLARED_SELECTOR = YES;
				GCC_WARN_UNINITIALIZED_AUTOS = YES_AGGRESSIVE;
				GCC_WARN_UNUSED_FUNCTION = YES;
				GCC_WARN_UNUSED_VARIABLE = YES;
				IPHONEOS_DEPLOYMENT_TARGET = 13.2;
				MTL_ENABLE_DEBUG_INFO = INCLUDE_SOURCE;
				MTL_FAST_MATH = YES;
				ONLY_ACTIVE_ARCH = YES;
				SDKROOT = iphoneos;
				SWIFT_ACTIVE_COMPILATION_CONDITIONS = DEBUG;
				SWIFT_OPTIMIZATION_LEVEL = "-Onone";
			};
			name = Debug;
		};
		1289313523B04FEC006F7229 /* Release */ = {
			isa = XCBuildConfiguration;
			buildSettings = {
				ALWAYS_SEARCH_USER_PATHS = NO;
				CLANG_ANALYZER_NONNULL = YES;
				CLANG_ANALYZER_NUMBER_OBJECT_CONVERSION = YES_AGGRESSIVE;
				CLANG_CXX_LANGUAGE_STANDARD = "gnu++14";
				CLANG_CXX_LIBRARY = "libc++";
				CLANG_ENABLE_MODULES = YES;
				CLANG_ENABLE_OBJC_ARC = YES;
				CLANG_ENABLE_OBJC_WEAK = YES;
				CLANG_WARN_BLOCK_CAPTURE_AUTORELEASING = YES;
				CLANG_WARN_BOOL_CONVERSION = YES;
				CLANG_WARN_COMMA = YES;
				CLANG_WARN_CONSTANT_CONVERSION = YES;
				CLANG_WARN_DEPRECATED_OBJC_IMPLEMENTATIONS = YES;
				CLANG_WARN_DIRECT_OBJC_ISA_USAGE = YES_ERROR;
				CLANG_WARN_DOCUMENTATION_COMMENTS = YES;
				CLANG_WARN_EMPTY_BODY = YES;
				CLANG_WARN_ENUM_CONVERSION = YES;
				CLANG_WARN_INFINITE_RECURSION = YES;
				CLANG_WARN_INT_CONVERSION = YES;
				CLANG_WARN_NON_LITERAL_NULL_CONVERSION = YES;
				CLANG_WARN_OBJC_IMPLICIT_RETAIN_SELF = YES;
				CLANG_WARN_OBJC_LITERAL_CONVERSION = YES;
				CLANG_WARN_OBJC_ROOT_CLASS = YES_ERROR;
				CLANG_WARN_RANGE_LOOP_ANALYSIS = YES;
				CLANG_WARN_STRICT_PROTOTYPES = YES;
				CLANG_WARN_SUSPICIOUS_MOVE = YES;
				CLANG_WARN_UNGUARDED_AVAILABILITY = YES_AGGRESSIVE;
				CLANG_WARN_UNREACHABLE_CODE = YES;
				CLANG_WARN__DUPLICATE_METHOD_MATCH = YES;
				COPY_PHASE_STRIP = NO;
				DEBUG_INFORMATION_FORMAT = "dwarf-with-dsym";
				ENABLE_NS_ASSERTIONS = NO;
				ENABLE_STRICT_OBJC_MSGSEND = YES;
				GCC_C_LANGUAGE_STANDARD = gnu11;
				GCC_NO_COMMON_BLOCKS = YES;
				GCC_WARN_64_TO_32_BIT_CONVERSION = YES;
				GCC_WARN_ABOUT_RETURN_TYPE = YES_ERROR;
				GCC_WARN_UNDECLARED_SELECTOR = YES;
				GCC_WARN_UNINITIALIZED_AUTOS = YES_AGGRESSIVE;
				GCC_WARN_UNUSED_FUNCTION = YES;
				GCC_WARN_UNUSED_VARIABLE = YES;
				IPHONEOS_DEPLOYMENT_TARGET = 13.2;
				MTL_ENABLE_DEBUG_INFO = NO;
				MTL_FAST_MATH = YES;
				SDKROOT = iphoneos;
				SWIFT_COMPILATION_MODE = wholemodule;
				SWIFT_OPTIMIZATION_LEVEL = "-O";
				VALIDATE_PRODUCT = YES;
			};
			name = Release;
		};
		1289313723B04FEC006F7229 /* Debug */ = {
			isa = XCBuildConfiguration;
			buildSettings = {
				ASSETCATALOG_COMPILER_APPICON_NAME = AppIcon;
				CODE_SIGN_STYLE = Automatic;
				INFOPLIST_FILE = TipCalc/Info.plist;
				LD_RUNPATH_SEARCH_PATHS = (
					"$(inherited)",
					"@executable_path/Frameworks",
				);
				PRODUCT_BUNDLE_IDENTIFIER = com.codepath.TipCalc;
				PRODUCT_NAME = "$(TARGET_NAME)";
				SWIFT_VERSION = 5.0;
				TARGETED_DEVICE_FAMILY = "1,2";
			};
			name = Debug;
		};
		1289313823B04FEC006F7229 /* Release */ = {
			isa = XCBuildConfiguration;
			buildSettings = {
				ASSETCATALOG_COMPILER_APPICON_NAME = AppIcon;
				CODE_SIGN_STYLE = Automatic;
				INFOPLIST_FILE = TipCalc/Info.plist;
				LD_RUNPATH_SEARCH_PATHS = (
					"$(inherited)",
					"@executable_path/Frameworks",
				);
				PRODUCT_BUNDLE_IDENTIFIER = com.codepath.TipCalc;
				PRODUCT_NAME = "$(TARGET_NAME)";
				SWIFT_VERSION = 5.0;
				TARGETED_DEVICE_FAMILY = "1,2";
			};
			name = Release;
		};
		1289313A23B04FEC006F7229 /* Debug */ = {
			isa = XCBuildConfiguration;
			buildSettings = {
				ALWAYS_EMBED_SWIFT_STANDARD_LIBRARIES = YES;
				BUNDLE_LOADER = "$(TEST_HOST)";
				CODE_SIGN_STYLE = Automatic;
				INFOPLIST_FILE = TipCalcTests/Info.plist;
				IPHONEOS_DEPLOYMENT_TARGET = 13.2;
				LD_RUNPATH_SEARCH_PATHS = (
					"$(inherited)",
					"@executable_path/Frameworks",
					"@loader_path/Frameworks",
				);
				PRODUCT_BUNDLE_IDENTIFIER = com.codepath.TipCalcTests;
				PRODUCT_NAME = "$(TARGET_NAME)";
				SWIFT_VERSION = 5.0;
				TARGETED_DEVICE_FAMILY = "1,2";
				TEST_HOST = "$(BUILT_PRODUCTS_DIR)/TipCalc.app/TipCalc";
			};
			name = Debug;
		};
		1289313B23B04FEC006F7229 /* Release */ = {
			isa = XCBuildConfiguration;
			buildSettings = {
				ALWAYS_EMBED_SWIFT_STANDARD_LIBRARIES = YES;
				BUNDLE_LOADER = "$(TEST_HOST)";
				CODE_SIGN_STYLE = Automatic;
				INFOPLIST_FILE = TipCalcTests/Info.plist;
				IPHONEOS_DEPLOYMENT_TARGET = 13.2;
				LD_RUNPATH_SEARCH_PATHS = (
					"$(inherited)",
					"@executable_path/Frameworks",
					"@loader_path/Frameworks",
				);
				PRODUCT_BUNDLE_IDENTIFIER = com.codepath.TipCalcTests;
				PRODUCT_NAME = "$(TARGET_NAME)";
				SWIFT_VERSION = 5.0;
				TARGETED_DEVICE_FAMILY = "1,2";
				TEST_HOST = "$(BUILT_PRODUCTS_DIR)/TipCalc.app/TipCalc";
			};
			name = Release;
		};
		1289313D23B04FEC006F7229 /* Debug */ = {
			isa = XCBuildConfiguration;
			buildSettings = {
				ALWAYS_EMBED_SWIFT_STANDARD_LIBRARIES = YES;
				CODE_SIGN_STYLE = Automatic;
				INFOPLIST_FILE = TipCalcUITests/Info.plist;
				LD_RUNPATH_SEARCH_PATHS = (
					"$(inherited)",
					"@executable_path/Frameworks",
					"@loader_path/Frameworks",
				);
				PRODUCT_BUNDLE_IDENTIFIER = com.codepath.TipCalcUITests;
				PRODUCT_NAME = "$(TARGET_NAME)";
				SWIFT_VERSION = 5.0;
				TARGETED_DEVICE_FAMILY = "1,2";
				TEST_TARGET_NAME = TipCalc;
			};
			name = Debug;
		};
		1289313E23B04FEC006F7229 /* Release */ = {
			isa = XCBuildConfiguration;
			buildSettings = {
				ALWAYS_EMBED_SWIFT_STANDARD_LIBRARIES = YES;
				CODE_SIGN_STYLE = Automatic;
				INFOPLIST_FILE = TipCalcUITests/Info.plist;
				LD_RUNPATH_SEARCH_PATHS = (
					"$(inherited)",
					"@executable_path/Frameworks",
					"@loader_path/Frameworks",
				);
				PRODUCT_BUNDLE_IDENTIFIER = com.codepath.TipCalcUITests;
				PRODUCT_NAME = "$(TARGET_NAME)";
				SWIFT_VERSION = 5.0;
				TARGETED_DEVICE_FAMILY = "1,2";
				TEST_TARGET_NAME = TipCalc;
			};
			name = Release;
		};
/* End XCBuildConfiguration section */

/* Begin XCConfigurationList section */
		1289310723B04FEA006F7229 /* Build configuration list for PBXProject "TipCalc" */ = {
			isa = XCConfigurationList;
			buildConfigurations = (
				1289313423B04FEC006F7229 /* Debug */,
				1289313523B04FEC006F7229 /* Release */,
			);
			defaultConfigurationIsVisible = 0;
			defaultConfigurationName = Release;
		};
		1289313623B04FEC006F7229 /* Build configuration list for PBXNativeTarget "TipCalc" */ = {
			isa = XCConfigurationList;
			buildConfigurations = (
				1289313723B04FEC006F7229 /* Debug */,
				1289313823B04FEC006F7229 /* Release */,
			);
			defaultConfigurationIsVisible = 0;
			defaultConfigurationName = Release;
		};
		1289313923B04FEC006F7229 /* Build configuration list for PBXNativeTarget "TipCalcTests" */ = {
			isa = XCConfigurationList;
			buildConfigurations = (
				1289313A23B04FEC006F7229 /* Debug */,
				1289313B23B04FEC006F7229 /* Release */,
			);
			defaultConfigurationIsVisible = 0;
			defaultConfigurationName = Release;
		};
		1289313C23B04FEC006F7229 /* Build configuration list for PBXNativeTarget "TipCalcUITests" */ = {
			isa = XCConfigurationList;
			buildConfigurations = (
				1289313D23B04FEC006F7229 /* Debug */,
				1289313E23B04FEC006F7229 /* Release */,
			);
			defaultConfigurationIsVisible = 0;
			defaultConfigurationName = Release;
		};
/* End XCConfigurationList section */
	};
	rootObject = 1289310423B04FEA006F7229 /* Project object */;
}
